
Microsoft Visual Studio Solution File, Format Version 12.00
# Visual Studio 2012
Project("{FAE04EC0-301F-11D3-BF4B-00C04F79EFBC}") = "packer", "nabiex\packer.csproj", "{68E3C486-865F-40CF-BD7B-98EB1EAB8BBB}"
EndProject
Global
	GlobalSection(SolutionConfigurationPlatforms) = preSolution
		Debug|Any CPU = Debug|Any CPU
		Release|Any CPU = Release|Any CPU
	EndGlobalSection
	GlobalSection(ProjectConfigurationPlatforms) = postSolution
		{68E3C486-865F-40CF-BD7B-98EB1EAB8BBB}.Debug|Any CPU.ActiveCfg = Debug|Any CPU
		{68E3C486-865F-40CF-BD7B-98EB1EAB8BBB}.Debug|Any CPU.Build.0 = Debug|Any CPU
		{68E3C486-865F-40CF-BD7B-98EB1EAB8BBB}.Release|Any CPU.ActiveCfg = Release|Any CPU
		{68E3C486-865F-40CF-BD7B-98EB1EAB8BBB}.Release|Any CPU.Build.0 = Release|Any CPU
	EndGlobalSection
	GlobalSection(SolutionProperties) = preSolution
		HideSolutionNode = FALSE
	EndGlobalSection
EndGlobal
